{
  "object": {
    "pins": [
      {
        "package": "mamba",
        "repositoryURL": "https://github.com/comcast/mamba.git",
        "state": {
          "branch": null,
          "revision": "07a909bee2c5c96ad9e41a6bf6b6785b38fcb6d5",
          "version": "1.6.0"
        }
      },
      {
        "package": "SCTE35Parser",
        "repositoryURL": "https://github.com/theRealRobG/SCTE35Parser.git",
        "state": {
          "branch": null,
          "revision": "194170ff9631b0a55bd109fbbb76fe98f5eb10e7",
          "version": "0.3.1"
        }
      }
    ]
  },
  "version": 1
}
