{
  "object": {
    "pins": [
      {
        "package": "BitByteData",
        "repositoryURL": "https://github.com/tsolomko/BitByteData.git",
        "state": {
          "branch": null,
          "revision": "3ee55b113ae52d5c1f4cbec0ed4eae613dcd7eff",
          "version": "1.4.3"
        }
      },
      {
        "package": "mamba",
        "repositoryURL": "https://github.com/comcast/mamba.git",
        "state": {
          "branch": null,
          "revision": "4d2ebb7f38ef1869b926e68f9baca02d5da659ae",
          "version": "1.5.1"
        }
      },
      {
        "package": "SCTE35Parser",
        "repositoryURL": "https://github.com/theRealRobG/SCTE35Parser.git",
        "state": {
          "branch": null,
          "revision": "7babc5f355c145dc8c2ac1922335a3cf14a48f44",
          "version": "0.1.0"
        }
      }
    ]
  },
  "version": 1
}
