// !$*UTF8*$!
{
	archiveVersion = 1;
	classes = {
	};
	objectVersion = 52;
	objects = {

/* Begin PBXBuildFile section */
		E8025B2026FD5F8B00188FB1 /* AVPlayerInterstitialEvent+Extension.swift in Sources */ = {isa = PBXBuildFile; fileRef = E8025B1F26FD5F8B00188FB1 /* AVPlayerInterstitialEvent+Extension.swift */; };
		E8025B2826FD609100188FB1 /* AppDelegate.swift in Sources */ = {isa = PBXBuildFile; fileRef = E8025B2726FD609100188FB1 /* AppDelegate.swift */; };
		E8025B2D26FD609100188FB1 /* Main.storyboard in Resources */ = {isa = PBXBuildFile; fileRef = E8025B2B26FD609100188FB1 /* Main.storyboard */; };
		E8025B2F26FD609300188FB1 /* Assets.xcassets in Resources */ = {isa = PBXBuildFile; fileRef = E8025B2E26FD609300188FB1 /* Assets.xcassets */; };
		E8025B3226FD609300188FB1 /* LaunchScreen.storyboard in Resources */ = {isa = PBXBuildFile; fileRef = E8025B3026FD609300188FB1 /* LaunchScreen.storyboard */; };
		E8025B3626FD60C500188FB1 /* InterstitialKitViewController.swift in Sources */ = {isa = PBXBuildFile; fileRef = E8E302FC26227AEA00CF6049 /* InterstitialKitViewController.swift */; };
		E8025B3726FD60C500188FB1 /* PlayerFactory.swift in Sources */ = {isa = PBXBuildFile; fileRef = E884E23826A2269A0084BAD7 /* PlayerFactory.swift */; };
		E8025B3826FD60C500188FB1 /* AdvertService.swift in Sources */ = {isa = PBXBuildFile; fileRef = E8CC3D8A26378347008269F0 /* AdvertService.swift */; };
		E8025B3926FD60C500188FB1 /* AVPlayerInterstitialEvent+Extension.swift in Sources */ = {isa = PBXBuildFile; fileRef = E8025B1F26FD5F8B00188FB1 /* AVPlayerInterstitialEvent+Extension.swift */; };
		E8025B3A26FD60C500188FB1 /* AVPlayerItemErrorLogEvent+Extension.swift in Sources */ = {isa = PBXBuildFile; fileRef = E8CC3D8C2637874D008269F0 /* AVPlayerItemErrorLogEvent+Extension.swift */; };
		E8025B3B26FD60C500188FB1 /* HomePageViewController.swift in Sources */ = {isa = PBXBuildFile; fileRef = E8E80D942682A40C006C1843 /* HomePageViewController.swift */; };
		E8025B3D26FD60C500188FB1 /* PlayerViewController.swift in Sources */ = {isa = PBXBuildFile; fileRef = E884E23626A2246F0084BAD7 /* PlayerViewController.swift */; };
		E8025B3E26FD60C500188FB1 /* SceneDelegate.swift in Sources */ = {isa = PBXBuildFile; fileRef = E8E302FA26227AEA00CF6049 /* SceneDelegate.swift */; };
		E8025B3F26FD60C500188FB1 /* AVInterstitialViewController.swift in Sources */ = {isa = PBXBuildFile; fileRef = E8E80D962682A7F2006C1843 /* AVInterstitialViewController.swift */; };
		E8025B4026FD60C500188FB1 /* UIViewController+Extensions.swift in Sources */ = {isa = PBXBuildFile; fileRef = E856BEE02682AF0C00E9F72E /* UIViewController+Extensions.swift */; };
		E856BEE12682AF0C00E9F72E /* UIViewController+Extensions.swift in Sources */ = {isa = PBXBuildFile; fileRef = E856BEE02682AF0C00E9F72E /* UIViewController+Extensions.swift */; };
		E884E23026A21FBC0084BAD7 /* CustomPlayerViewController.swift in Sources */ = {isa = PBXBuildFile; fileRef = E884E22F26A21FBC0084BAD7 /* CustomPlayerViewController.swift */; };
		E884E23326A220AA0084BAD7 /* CustomPlayerView.swift in Sources */ = {isa = PBXBuildFile; fileRef = E884E23226A220AA0084BAD7 /* CustomPlayerView.swift */; };
		E884E23526A221D30084BAD7 /* CustomPlayerViewController.xib in Resources */ = {isa = PBXBuildFile; fileRef = E884E23426A221D30084BAD7 /* CustomPlayerViewController.xib */; };
		E884E23726A2246F0084BAD7 /* PlayerViewController.swift in Sources */ = {isa = PBXBuildFile; fileRef = E884E23626A2246F0084BAD7 /* PlayerViewController.swift */; };
		E884E23926A2269A0084BAD7 /* PlayerFactory.swift in Sources */ = {isa = PBXBuildFile; fileRef = E884E23826A2269A0084BAD7 /* PlayerFactory.swift */; };
		E889066926FD659000D837E4 /* HLSInterstitialKit in Frameworks */ = {isa = PBXBuildFile; productRef = E889066826FD659000D837E4 /* HLSInterstitialKit */; };
		E8C4CD0926FF33B40060576B /* PlayerCueMarkerObserver.swift in Sources */ = {isa = PBXBuildFile; fileRef = E8C4CD0826FF33B40060576B /* PlayerCueMarkerObserver.swift */; };
		E8C4CD0B26FF4C520060576B /* CuePointSlider.swift in Sources */ = {isa = PBXBuildFile; fileRef = E8C4CD0A26FF4C520060576B /* CuePointSlider.swift */; };
		E8CC3D8B26378347008269F0 /* AdvertService.swift in Sources */ = {isa = PBXBuildFile; fileRef = E8CC3D8A26378347008269F0 /* AdvertService.swift */; };
		E8CC3D8D2637874D008269F0 /* AVPlayerItemErrorLogEvent+Extension.swift in Sources */ = {isa = PBXBuildFile; fileRef = E8CC3D8C2637874D008269F0 /* AVPlayerItemErrorLogEvent+Extension.swift */; };
		E8E302F926227AEA00CF6049 /* AppDelegate.swift in Sources */ = {isa = PBXBuildFile; fileRef = E8E302F826227AEA00CF6049 /* AppDelegate.swift */; };
		E8E302FB26227AEA00CF6049 /* SceneDelegate.swift in Sources */ = {isa = PBXBuildFile; fileRef = E8E302FA26227AEA00CF6049 /* SceneDelegate.swift */; };
		E8E302FD26227AEA00CF6049 /* InterstitialKitViewController.swift in Sources */ = {isa = PBXBuildFile; fileRef = E8E302FC26227AEA00CF6049 /* InterstitialKitViewController.swift */; };
		E8E3030026227AEA00CF6049 /* Main.storyboard in Resources */ = {isa = PBXBuildFile; fileRef = E8E302FE26227AEA00CF6049 /* Main.storyboard */; };
		E8E3030226227AEC00CF6049 /* Assets.xcassets in Resources */ = {isa = PBXBuildFile; fileRef = E8E3030126227AEC00CF6049 /* Assets.xcassets */; };
		E8E3030526227AEC00CF6049 /* LaunchScreen.storyboard in Resources */ = {isa = PBXBuildFile; fileRef = E8E3030326227AEC00CF6049 /* LaunchScreen.storyboard */; };
		E8E3030F26227B8600CF6049 /* HLSInterstitialKit in Frameworks */ = {isa = PBXBuildFile; productRef = E8E3030E26227B8600CF6049 /* HLSInterstitialKit */; };
		E8E80D952682A40C006C1843 /* HomePageViewController.swift in Sources */ = {isa = PBXBuildFile; fileRef = E8E80D942682A40C006C1843 /* HomePageViewController.swift */; };
		E8E80D972682A7F2006C1843 /* AVInterstitialViewController.swift in Sources */ = {isa = PBXBuildFile; fileRef = E8E80D962682A7F2006C1843 /* AVInterstitialViewController.swift */; };
/* End PBXBuildFile section */

/* Begin PBXFileReference section */
		E8025B1F26FD5F8B00188FB1 /* AVPlayerInterstitialEvent+Extension.swift */ = {isa = PBXFileReference; lastKnownFileType = sourcecode.swift; path = "AVPlayerInterstitialEvent+Extension.swift"; sourceTree = "<group>"; };
		E8025B2526FD609100188FB1 /* ReferenceApp_tvOS.app */ = {isa = PBXFileReference; explicitFileType = wrapper.application; includeInIndex = 0; path = ReferenceApp_tvOS.app; sourceTree = BUILT_PRODUCTS_DIR; };
		E8025B2726FD609100188FB1 /* AppDelegate.swift */ = {isa = PBXFileReference; lastKnownFileType = sourcecode.swift; path = AppDelegate.swift; sourceTree = "<group>"; };
		E8025B2C26FD609100188FB1 /* Base */ = {isa = PBXFileReference; lastKnownFileType = file.storyboard; name = Base; path = Base.lproj/Main.storyboard; sourceTree = "<group>"; };
		E8025B2E26FD609300188FB1 /* Assets.xcassets */ = {isa = PBXFileReference; lastKnownFileType = folder.assetcatalog; path = Assets.xcassets; sourceTree = "<group>"; };
		E8025B3126FD609300188FB1 /* Base */ = {isa = PBXFileReference; lastKnownFileType = file.storyboard; name = Base; path = Base.lproj/LaunchScreen.storyboard; sourceTree = "<group>"; };
		E856BEE02682AF0C00E9F72E /* UIViewController+Extensions.swift */ = {isa = PBXFileReference; lastKnownFileType = sourcecode.swift; path = "UIViewController+Extensions.swift"; sourceTree = "<group>"; };
		E8575EFF2627CFF200ABAAA5 /* ReferenceApp.entitlements */ = {isa = PBXFileReference; lastKnownFileType = text.plist.entitlements; path = ReferenceApp.entitlements; sourceTree = "<group>"; };
		E884E22F26A21FBC0084BAD7 /* CustomPlayerViewController.swift */ = {isa = PBXFileReference; lastKnownFileType = sourcecode.swift; path = CustomPlayerViewController.swift; sourceTree = "<group>"; };
		E884E23226A220AA0084BAD7 /* CustomPlayerView.swift */ = {isa = PBXFileReference; lastKnownFileType = sourcecode.swift; path = CustomPlayerView.swift; sourceTree = "<group>"; };
		E884E23426A221D30084BAD7 /* CustomPlayerViewController.xib */ = {isa = PBXFileReference; lastKnownFileType = file.xib; path = CustomPlayerViewController.xib; sourceTree = "<group>"; };
		E884E23626A2246F0084BAD7 /* PlayerViewController.swift */ = {isa = PBXFileReference; lastKnownFileType = sourcecode.swift; path = PlayerViewController.swift; sourceTree = "<group>"; };
		E884E23826A2269A0084BAD7 /* PlayerFactory.swift */ = {isa = PBXFileReference; lastKnownFileType = sourcecode.swift; path = PlayerFactory.swift; sourceTree = "<group>"; };
		E8C4CD0826FF33B40060576B /* PlayerCueMarkerObserver.swift */ = {isa = PBXFileReference; lastKnownFileType = sourcecode.swift; path = PlayerCueMarkerObserver.swift; sourceTree = "<group>"; };
		E8C4CD0A26FF4C520060576B /* CuePointSlider.swift */ = {isa = PBXFileReference; lastKnownFileType = sourcecode.swift; path = CuePointSlider.swift; sourceTree = "<group>"; };
		E8CC3D8A26378347008269F0 /* AdvertService.swift */ = {isa = PBXFileReference; lastKnownFileType = sourcecode.swift; path = AdvertService.swift; sourceTree = "<group>"; };
		E8CC3D8C2637874D008269F0 /* AVPlayerItemErrorLogEvent+Extension.swift */ = {isa = PBXFileReference; lastKnownFileType = sourcecode.swift; path = "AVPlayerItemErrorLogEvent+Extension.swift"; sourceTree = "<group>"; };
		E8E302F526227AEA00CF6049 /* ReferenceApp.app */ = {isa = PBXFileReference; explicitFileType = wrapper.application; includeInIndex = 0; path = ReferenceApp.app; sourceTree = BUILT_PRODUCTS_DIR; };
		E8E302F826227AEA00CF6049 /* AppDelegate.swift */ = {isa = PBXFileReference; lastKnownFileType = sourcecode.swift; path = AppDelegate.swift; sourceTree = "<group>"; };
		E8E302FA26227AEA00CF6049 /* SceneDelegate.swift */ = {isa = PBXFileReference; lastKnownFileType = sourcecode.swift; path = SceneDelegate.swift; sourceTree = "<group>"; };
		E8E302FC26227AEA00CF6049 /* InterstitialKitViewController.swift */ = {isa = PBXFileReference; lastKnownFileType = sourcecode.swift; path = InterstitialKitViewController.swift; sourceTree = "<group>"; };
		E8E302FF26227AEA00CF6049 /* Base */ = {isa = PBXFileReference; lastKnownFileType = file.storyboard; name = Base; path = Base.lproj/Main.storyboard; sourceTree = "<group>"; };
		E8E3030126227AEC00CF6049 /* Assets.xcassets */ = {isa = PBXFileReference; lastKnownFileType = folder.assetcatalog; path = Assets.xcassets; sourceTree = "<group>"; };
		E8E3030426227AEC00CF6049 /* Base */ = {isa = PBXFileReference; lastKnownFileType = file.storyboard; name = Base; path = Base.lproj/LaunchScreen.storyboard; sourceTree = "<group>"; };
		E8E3030626227AEC00CF6049 /* Info.plist */ = {isa = PBXFileReference; lastKnownFileType = text.plist.xml; path = Info.plist; sourceTree = "<group>"; };
		E8E3030C26227B3600CF6049 /* HLSInterstitialKit */ = {isa = PBXFileReference; lastKnownFileType = folder; name = HLSInterstitialKit; path = ..; sourceTree = "<group>"; };
		E8E80D942682A40C006C1843 /* HomePageViewController.swift */ = {isa = PBXFileReference; lastKnownFileType = sourcecode.swift; path = HomePageViewController.swift; sourceTree = "<group>"; };
		E8E80D962682A7F2006C1843 /* AVInterstitialViewController.swift */ = {isa = PBXFileReference; lastKnownFileType = sourcecode.swift; path = AVInterstitialViewController.swift; sourceTree = "<group>"; };
/* End PBXFileReference section */

/* Begin PBXFrameworksBuildPhase section */
		E8025B2226FD609100188FB1 /* Frameworks */ = {
			isa = PBXFrameworksBuildPhase;
			buildActionMask = 2147483647;
			files = (
				E889066926FD659000D837E4 /* HLSInterstitialKit in Frameworks */,
			);
			runOnlyForDeploymentPostprocessing = 0;
		};
		E8E302F226227AEA00CF6049 /* Frameworks */ = {
			isa = PBXFrameworksBuildPhase;
			buildActionMask = 2147483647;
			files = (
				E8E3030F26227B8600CF6049 /* HLSInterstitialKit in Frameworks */,
			);
			runOnlyForDeploymentPostprocessing = 0;
		};
/* End PBXFrameworksBuildPhase section */

/* Begin PBXGroup section */
		E8025B2626FD609100188FB1 /* ReferenceApp_tvOS */ = {
			isa = PBXGroup;
			children = (
				E8025B2726FD609100188FB1 /* AppDelegate.swift */,
				E8025B2B26FD609100188FB1 /* Main.storyboard */,
				E8025B2E26FD609300188FB1 /* Assets.xcassets */,
				E8025B3026FD609300188FB1 /* LaunchScreen.storyboard */,
			);
			path = ReferenceApp_tvOS;
			sourceTree = "<group>";
		};
		E884E22E26A21FA00084BAD7 /* CustomPlayerViewController */ = {
			isa = PBXGroup;
			children = (
				E8C4CD0A26FF4C520060576B /* CuePointSlider.swift */,
				E884E23226A220AA0084BAD7 /* CustomPlayerView.swift */,
				E884E22F26A21FBC0084BAD7 /* CustomPlayerViewController.swift */,
				E8C4CD0826FF33B40060576B /* PlayerCueMarkerObserver.swift */,
				E884E23426A221D30084BAD7 /* CustomPlayerViewController.xib */,
			);
			path = CustomPlayerViewController;
			sourceTree = "<group>";
		};
		E8E302EC26227AEA00CF6049 = {
			isa = PBXGroup;
			children = (
				E8E3030C26227B3600CF6049 /* HLSInterstitialKit */,
				E8E302F726227AEA00CF6049 /* ReferenceApp */,
				E8025B2626FD609100188FB1 /* ReferenceApp_tvOS */,
				E8E302F626227AEA00CF6049 /* Products */,
				E8E3030D26227B8600CF6049 /* Frameworks */,
			);
			sourceTree = "<group>";
		};
		E8E302F626227AEA00CF6049 /* Products */ = {
			isa = PBXGroup;
			children = (
				E8E302F526227AEA00CF6049 /* ReferenceApp.app */,
				E8025B2526FD609100188FB1 /* ReferenceApp_tvOS.app */,
			);
			name = Products;
			sourceTree = "<group>";
		};
		E8E302F726227AEA00CF6049 /* ReferenceApp */ = {
			isa = PBXGroup;
			children = (
				E8575EFF2627CFF200ABAAA5 /* ReferenceApp.entitlements */,
				E8E3030626227AEC00CF6049 /* Info.plist */,
				E8CC3D8A26378347008269F0 /* AdvertService.swift */,
				E8E302F826227AEA00CF6049 /* AppDelegate.swift */,
				E8E80D962682A7F2006C1843 /* AVInterstitialViewController.swift */,
				E8025B1F26FD5F8B00188FB1 /* AVPlayerInterstitialEvent+Extension.swift */,
				E8CC3D8C2637874D008269F0 /* AVPlayerItemErrorLogEvent+Extension.swift */,
				E8E80D942682A40C006C1843 /* HomePageViewController.swift */,
				E8E302FC26227AEA00CF6049 /* InterstitialKitViewController.swift */,
				E884E23826A2269A0084BAD7 /* PlayerFactory.swift */,
				E884E23626A2246F0084BAD7 /* PlayerViewController.swift */,
				E8E302FA26227AEA00CF6049 /* SceneDelegate.swift */,
				E856BEE02682AF0C00E9F72E /* UIViewController+Extensions.swift */,
				E8E3030126227AEC00CF6049 /* Assets.xcassets */,
				E884E22E26A21FA00084BAD7 /* CustomPlayerViewController */,
				E8E3030326227AEC00CF6049 /* LaunchScreen.storyboard */,
				E8E302FE26227AEA00CF6049 /* Main.storyboard */,
			);
			path = ReferenceApp;
			sourceTree = "<group>";
		};
		E8E3030D26227B8600CF6049 /* Frameworks */ = {
			isa = PBXGroup;
			children = (
			);
			name = Frameworks;
			sourceTree = "<group>";
		};
/* End PBXGroup section */

/* Begin PBXNativeTarget section */
		E8025B2426FD609100188FB1 /* ReferenceApp_tvOS */ = {
			isa = PBXNativeTarget;
			buildConfigurationList = E8025B3326FD609300188FB1 /* Build configuration list for PBXNativeTarget "ReferenceApp_tvOS" */;
			buildPhases = (
				E8025B2126FD609100188FB1 /* Sources */,
				E8025B2226FD609100188FB1 /* Frameworks */,
				E8025B2326FD609100188FB1 /* Resources */,
			);
			buildRules = (
			);
			dependencies = (
			);
			name = ReferenceApp_tvOS;
			packageProductDependencies = (
				E889066826FD659000D837E4 /* HLSInterstitialKit */,
			);
			productName = ReferenceApp_tvOS;
			productReference = E8025B2526FD609100188FB1 /* ReferenceApp_tvOS.app */;
			productType = "com.apple.product-type.application";
		};
		E8E302F426227AEA00CF6049 /* ReferenceApp */ = {
			isa = PBXNativeTarget;
			buildConfigurationList = E8E3030926227AEC00CF6049 /* Build configuration list for PBXNativeTarget "ReferenceApp" */;
			buildPhases = (
				E8E302F126227AEA00CF6049 /* Sources */,
				E8E302F226227AEA00CF6049 /* Frameworks */,
				E8E302F326227AEA00CF6049 /* Resources */,
			);
			buildRules = (
			);
			dependencies = (
			);
			name = ReferenceApp;
			packageProductDependencies = (
				E8E3030E26227B8600CF6049 /* HLSInterstitialKit */,
			);
			productName = ReferenceApp;
			productReference = E8E302F526227AEA00CF6049 /* ReferenceApp.app */;
			productType = "com.apple.product-type.application";
		};
/* End PBXNativeTarget section */

/* Begin PBXProject section */
		E8E302ED26227AEA00CF6049 /* Project object */ = {
			isa = PBXProject;
			attributes = {
				LastSwiftUpdateCheck = 1300;
				LastUpgradeCheck = 1250;
				TargetAttributes = {
					E8025B2426FD609100188FB1 = {
						CreatedOnToolsVersion = 13.0;
					};
					E8E302F426227AEA00CF6049 = {
						CreatedOnToolsVersion = 12.5;
					};
				};
			};
			buildConfigurationList = E8E302F026227AEA00CF6049 /* Build configuration list for PBXProject "ReferenceApp" */;
			compatibilityVersion = "Xcode 9.3";
			developmentRegion = en;
			hasScannedForEncodings = 0;
			knownRegions = (
				en,
				Base,
			);
			mainGroup = E8E302EC26227AEA00CF6049;
			productRefGroup = E8E302F626227AEA00CF6049 /* Products */;
			projectDirPath = "";
			projectRoot = "";
			targets = (
				E8E302F426227AEA00CF6049 /* ReferenceApp */,
				E8025B2426FD609100188FB1 /* ReferenceApp_tvOS */,
			);
		};
/* End PBXProject section */

/* Begin PBXResourcesBuildPhase section */
		E8025B2326FD609100188FB1 /* Resources */ = {
			isa = PBXResourcesBuildPhase;
			buildActionMask = 2147483647;
			files = (
				E8025B3226FD609300188FB1 /* LaunchScreen.storyboard in Resources */,
				E8025B2F26FD609300188FB1 /* Assets.xcassets in Resources */,
				E8025B2D26FD609100188FB1 /* Main.storyboard in Resources */,
			);
			runOnlyForDeploymentPostprocessing = 0;
		};
		E8E302F326227AEA00CF6049 /* Resources */ = {
			isa = PBXResourcesBuildPhase;
			buildActionMask = 2147483647;
			files = (
				E8E3030526227AEC00CF6049 /* LaunchScreen.storyboard in Resources */,
				E8E3030226227AEC00CF6049 /* Assets.xcassets in Resources */,
				E884E23526A221D30084BAD7 /* CustomPlayerViewController.xib in Resources */,
				E8E3030026227AEA00CF6049 /* Main.storyboard in Resources */,
			);
			runOnlyForDeploymentPostprocessing = 0;
		};
/* End PBXResourcesBuildPhase section */

/* Begin PBXSourcesBuildPhase section */
		E8025B2126FD609100188FB1 /* Sources */ = {
			isa = PBXSourcesBuildPhase;
			buildActionMask = 2147483647;
			files = (
				E8025B3726FD60C500188FB1 /* PlayerFactory.swift in Sources */,
				E8025B3B26FD60C500188FB1 /* HomePageViewController.swift in Sources */,
				E8025B3826FD60C500188FB1 /* AdvertService.swift in Sources */,
				E8025B4026FD60C500188FB1 /* UIViewController+Extensions.swift in Sources */,
				E8025B3F26FD60C500188FB1 /* AVInterstitialViewController.swift in Sources */,
				E8025B3926FD60C500188FB1 /* AVPlayerInterstitialEvent+Extension.swift in Sources */,
				E8025B3E26FD60C500188FB1 /* SceneDelegate.swift in Sources */,
				E8025B3D26FD60C500188FB1 /* PlayerViewController.swift in Sources */,
				E8025B2826FD609100188FB1 /* AppDelegate.swift in Sources */,
				E8025B3626FD60C500188FB1 /* InterstitialKitViewController.swift in Sources */,
				E8025B3A26FD60C500188FB1 /* AVPlayerItemErrorLogEvent+Extension.swift in Sources */,
			);
			runOnlyForDeploymentPostprocessing = 0;
		};
		E8E302F126227AEA00CF6049 /* Sources */ = {
			isa = PBXSourcesBuildPhase;
			buildActionMask = 2147483647;
			files = (
				E8E302FD26227AEA00CF6049 /* InterstitialKitViewController.swift in Sources */,
				E884E23026A21FBC0084BAD7 /* CustomPlayerViewController.swift in Sources */,
				E8C4CD0B26FF4C520060576B /* CuePointSlider.swift in Sources */,
				E8CC3D8B26378347008269F0 /* AdvertService.swift in Sources */,
				E884E23926A2269A0084BAD7 /* PlayerFactory.swift in Sources */,
				E8E80D972682A7F2006C1843 /* AVInterstitialViewController.swift in Sources */,
				E884E23326A220AA0084BAD7 /* CustomPlayerView.swift in Sources */,
				E8E80D952682A40C006C1843 /* HomePageViewController.swift in Sources */,
				E856BEE12682AF0C00E9F72E /* UIViewController+Extensions.swift in Sources */,
				E8025B2026FD5F8B00188FB1 /* AVPlayerInterstitialEvent+Extension.swift in Sources */,
				E8E302F926227AEA00CF6049 /* AppDelegate.swift in Sources */,
				E8CC3D8D2637874D008269F0 /* AVPlayerItemErrorLogEvent+Extension.swift in Sources */,
				E884E23726A2246F0084BAD7 /* PlayerViewController.swift in Sources */,
				E8C4CD0926FF33B40060576B /* PlayerCueMarkerObserver.swift in Sources */,
				E8E302FB26227AEA00CF6049 /* SceneDelegate.swift in Sources */,
			);
			runOnlyForDeploymentPostprocessing = 0;
		};
/* End PBXSourcesBuildPhase section */

/* Begin PBXVariantGroup section */
		E8025B2B26FD609100188FB1 /* Main.storyboard */ = {
			isa = PBXVariantGroup;
			children = (
				E8025B2C26FD609100188FB1 /* Base */,
			);
			name = Main.storyboard;
			sourceTree = "<group>";
		};
		E8025B3026FD609300188FB1 /* LaunchScreen.storyboard */ = {
			isa = PBXVariantGroup;
			children = (
				E8025B3126FD609300188FB1 /* Base */,
			);
			name = LaunchScreen.storyboard;
			sourceTree = "<group>";
		};
		E8E302FE26227AEA00CF6049 /* Main.storyboard */ = {
			isa = PBXVariantGroup;
			children = (
				E8E302FF26227AEA00CF6049 /* Base */,
			);
			name = Main.storyboard;
			sourceTree = "<group>";
		};
		E8E3030326227AEC00CF6049 /* LaunchScreen.storyboard */ = {
			isa = PBXVariantGroup;
			children = (
				E8E3030426227AEC00CF6049 /* Base */,
			);
			name = LaunchScreen.storyboard;
			sourceTree = "<group>";
		};
/* End PBXVariantGroup section */

/* Begin XCBuildConfiguration section */
		E8025B3426FD609300188FB1 /* Debug */ = {
			isa = XCBuildConfiguration;
			buildSettings = {
				ASSETCATALOG_COMPILER_APPICON_NAME = "App Icon & Top Shelf Image";
				ASSETCATALOG_COMPILER_GLOBAL_ACCENT_COLOR_NAME = AccentColor;
				CLANG_CXX_LANGUAGE_STANDARD = "gnu++17";
				CODE_SIGN_ENTITLEMENTS = ReferenceApp/ReferenceApp.entitlements;
				CODE_SIGN_IDENTITY = "iPhone Developer";
				CODE_SIGN_STYLE = Manual;
				CURRENT_PROJECT_VERSION = 1;
				DEVELOPMENT_TEAM = 6QHSVMF5PW;
				GENERATE_INFOPLIST_FILE = YES;
				INFOPLIST_KEY_UILaunchStoryboardName = LaunchScreen;
				INFOPLIST_KEY_UIMainStoryboardFile = Main;
				INFOPLIST_KEY_UIUserInterfaceStyle = Automatic;
				LD_RUNPATH_SEARCH_PATHS = (
					"$(inherited)",
					"@executable_path/Frameworks",
				);
				MARKETING_VERSION = 1.0;
				PRODUCT_BUNDLE_IDENTIFIER = com.cvt.test.interstitials;
				PRODUCT_NAME = "$(TARGET_NAME)";
				PROVISIONING_PROFILE_SPECIFIER = "Core Video Team Test Interstitials tvOS";
				SDKROOT = appletvos;
				SWIFT_EMIT_LOC_STRINGS = YES;
				SWIFT_VERSION = 5.0;
				TARGETED_DEVICE_FAMILY = 3;
				TVOS_DEPLOYMENT_TARGET = 15.0;
			};
			name = Debug;
		};
		E8025B3526FD609300188FB1 /* Release */ = {
			isa = XCBuildConfiguration;
			buildSettings = {
				ASSETCATALOG_COMPILER_APPICON_NAME = "App Icon & Top Shelf Image";
				ASSETCATALOG_COMPILER_GLOBAL_ACCENT_COLOR_NAME = AccentColor;
				CLANG_CXX_LANGUAGE_STANDARD = "gnu++17";
				CODE_SIGN_ENTITLEMENTS = ReferenceApp/ReferenceApp.entitlements;
				CODE_SIGN_IDENTITY = "iPhone Developer";
				CODE_SIGN_STYLE = Manual;
				CURRENT_PROJECT_VERSION = 1;
				DEVELOPMENT_TEAM = 6QHSVMF5PW;
				GENERATE_INFOPLIST_FILE = YES;
				INFOPLIST_KEY_UILaunchStoryboardName = LaunchScreen;
				INFOPLIST_KEY_UIMainStoryboardFile = Main;
				INFOPLIST_KEY_UIUserInterfaceStyle = Automatic;
				LD_RUNPATH_SEARCH_PATHS = (
					"$(inherited)",
					"@executable_path/Frameworks",
				);
				MARKETING_VERSION = 1.0;
				PRODUCT_BUNDLE_IDENTIFIER = com.cvt.test.interstitials;
				PRODUCT_NAME = "$(TARGET_NAME)";
				PROVISIONING_PROFILE_SPECIFIER = "Core Video Team Test Interstitials tvOS";
				SDKROOT = appletvos;
				SWIFT_EMIT_LOC_STRINGS = YES;
				SWIFT_VERSION = 5.0;
				TARGETED_DEVICE_FAMILY = 3;
				TVOS_DEPLOYMENT_TARGET = 15.0;
			};
			name = Release;
		};
		E8E3030726227AEC00CF6049 /* Debug */ = {
			isa = XCBuildConfiguration;
			buildSettings = {
				ALWAYS_SEARCH_USER_PATHS = NO;
				CLANG_ANALYZER_NONNULL = YES;
				CLANG_ANALYZER_NUMBER_OBJECT_CONVERSION = YES_AGGRESSIVE;
				CLANG_CXX_LANGUAGE_STANDARD = "gnu++14";
				CLANG_CXX_LIBRARY = "libc++";
				CLANG_ENABLE_MODULES = YES;
				CLANG_ENABLE_OBJC_ARC = YES;
				CLANG_ENABLE_OBJC_WEAK = YES;
				CLANG_WARN_BLOCK_CAPTURE_AUTORELEASING = YES;
				CLANG_WARN_BOOL_CONVERSION = YES;
				CLANG_WARN_COMMA = YES;
				CLANG_WARN_CONSTANT_CONVERSION = YES;
				CLANG_WARN_DEPRECATED_OBJC_IMPLEMENTATIONS = YES;
				CLANG_WARN_DIRECT_OBJC_ISA_USAGE = YES_ERROR;
				CLANG_WARN_DOCUMENTATION_COMMENTS = YES;
				CLANG_WARN_EMPTY_BODY = YES;
				CLANG_WARN_ENUM_CONVERSION = YES;
				CLANG_WARN_INFINITE_RECURSION = YES;
				CLANG_WARN_INT_CONVERSION = YES;
				CLANG_WARN_NON_LITERAL_NULL_CONVERSION = YES;
				CLANG_WARN_OBJC_IMPLICIT_RETAIN_SELF = YES;
				CLANG_WARN_OBJC_LITERAL_CONVERSION = YES;
				CLANG_WARN_OBJC_ROOT_CLASS = YES_ERROR;
				CLANG_WARN_QUOTED_INCLUDE_IN_FRAMEWORK_HEADER = YES;
				CLANG_WARN_RANGE_LOOP_ANALYSIS = YES;
				CLANG_WARN_STRICT_PROTOTYPES = YES;
				CLANG_WARN_SUSPICIOUS_MOVE = YES;
				CLANG_WARN_UNGUARDED_AVAILABILITY = YES_AGGRESSIVE;
				CLANG_WARN_UNREACHABLE_CODE = YES;
				CLANG_WARN__DUPLICATE_METHOD_MATCH = YES;
				COPY_PHASE_STRIP = NO;
				DEBUG_INFORMATION_FORMAT = dwarf;
				ENABLE_STRICT_OBJC_MSGSEND = YES;
				ENABLE_TESTABILITY = YES;
				GCC_C_LANGUAGE_STANDARD = gnu11;
				GCC_DYNAMIC_NO_PIC = NO;
				GCC_NO_COMMON_BLOCKS = YES;
				GCC_OPTIMIZATION_LEVEL = 0;
				GCC_PREPROCESSOR_DEFINITIONS = (
					"DEBUG=1",
					"$(inherited)",
				);
				GCC_WARN_64_TO_32_BIT_CONVERSION = YES;
				GCC_WARN_ABOUT_RETURN_TYPE = YES_ERROR;
				GCC_WARN_UNDECLARED_SELECTOR = YES;
				GCC_WARN_UNINITIALIZED_AUTOS = YES_AGGRESSIVE;
				GCC_WARN_UNUSED_FUNCTION = YES;
				GCC_WARN_UNUSED_VARIABLE = YES;
				IPHONEOS_DEPLOYMENT_TARGET = 14.5;
				MTL_ENABLE_DEBUG_INFO = INCLUDE_SOURCE;
				MTL_FAST_MATH = YES;
				ONLY_ACTIVE_ARCH = YES;
				SDKROOT = iphoneos;
				SWIFT_ACTIVE_COMPILATION_CONDITIONS = DEBUG;
				SWIFT_OPTIMIZATION_LEVEL = "-Onone";
			};
			name = Debug;
		};
		E8E3030826227AEC00CF6049 /* Release */ = {
			isa = XCBuildConfiguration;
			buildSettings = {
				ALWAYS_SEARCH_USER_PATHS = NO;
				CLANG_ANALYZER_NONNULL = YES;
				CLANG_ANALYZER_NUMBER_OBJECT_CONVERSION = YES_AGGRESSIVE;
				CLANG_CXX_LANGUAGE_STANDARD = "gnu++14";
				CLANG_CXX_LIBRARY = "libc++";
				CLANG_ENABLE_MODULES = YES;
				CLANG_ENABLE_OBJC_ARC = YES;
				CLANG_ENABLE_OBJC_WEAK = YES;
				CLANG_WARN_BLOCK_CAPTURE_AUTORELEASING = YES;
				CLANG_WARN_BOOL_CONVERSION = YES;
				CLANG_WARN_COMMA = YES;
				CLANG_WARN_CONSTANT_CONVERSION = YES;
				CLANG_WARN_DEPRECATED_OBJC_IMPLEMENTATIONS = YES;
				CLANG_WARN_DIRECT_OBJC_ISA_USAGE = YES_ERROR;
				CLANG_WARN_DOCUMENTATION_COMMENTS = YES;
				CLANG_WARN_EMPTY_BODY = YES;
				CLANG_WARN_ENUM_CONVERSION = YES;
				CLANG_WARN_INFINITE_RECURSION = YES;
				CLANG_WARN_INT_CONVERSION = YES;
				CLANG_WARN_NON_LITERAL_NULL_CONVERSION = YES;
				CLANG_WARN_OBJC_IMPLICIT_RETAIN_SELF = YES;
				CLANG_WARN_OBJC_LITERAL_CONVERSION = YES;
				CLANG_WARN_OBJC_ROOT_CLASS = YES_ERROR;
				CLANG_WARN_QUOTED_INCLUDE_IN_FRAMEWORK_HEADER = YES;
				CLANG_WARN_RANGE_LOOP_ANALYSIS = YES;
				CLANG_WARN_STRICT_PROTOTYPES = YES;
				CLANG_WARN_SUSPICIOUS_MOVE = YES;
				CLANG_WARN_UNGUARDED_AVAILABILITY = YES_AGGRESSIVE;
				CLANG_WARN_UNREACHABLE_CODE = YES;
				CLANG_WARN__DUPLICATE_METHOD_MATCH = YES;
				COPY_PHASE_STRIP = NO;
				DEBUG_INFORMATION_FORMAT = "dwarf-with-dsym";
				ENABLE_NS_ASSERTIONS = NO;
				ENABLE_STRICT_OBJC_MSGSEND = YES;
				GCC_C_LANGUAGE_STANDARD = gnu11;
				GCC_NO_COMMON_BLOCKS = YES;
				GCC_WARN_64_TO_32_BIT_CONVERSION = YES;
				GCC_WARN_ABOUT_RETURN_TYPE = YES_ERROR;
				GCC_WARN_UNDECLARED_SELECTOR = YES;
				GCC_WARN_UNINITIALIZED_AUTOS = YES_AGGRESSIVE;
				GCC_WARN_UNUSED_FUNCTION = YES;
				GCC_WARN_UNUSED_VARIABLE = YES;
				IPHONEOS_DEPLOYMENT_TARGET = 14.5;
				MTL_ENABLE_DEBUG_INFO = NO;
				MTL_FAST_MATH = YES;
				SDKROOT = iphoneos;
				SWIFT_COMPILATION_MODE = wholemodule;
				SWIFT_OPTIMIZATION_LEVEL = "-O";
				VALIDATE_PRODUCT = YES;
			};
			name = Release;
		};
		E8E3030A26227AEC00CF6049 /* Debug */ = {
			isa = XCBuildConfiguration;
			buildSettings = {
				ASSETCATALOG_COMPILER_APPICON_NAME = AppIcon;
				ASSETCATALOG_COMPILER_GLOBAL_ACCENT_COLOR_NAME = AccentColor;
				CODE_SIGN_ENTITLEMENTS = ReferenceApp/ReferenceApp.entitlements;
				CODE_SIGN_IDENTITY = "iPhone Developer";
				CODE_SIGN_STYLE = Manual;
				DEVELOPMENT_TEAM = 6QHSVMF5PW;
				INFOPLIST_FILE = ReferenceApp/Info.plist;
				IPHONEOS_DEPLOYMENT_TARGET = 15.0;
				LD_RUNPATH_SEARCH_PATHS = (
					"$(inherited)",
					"@executable_path/Frameworks",
				);
				PRODUCT_BUNDLE_IDENTIFIER = com.cvt.test.interstitials;
				PRODUCT_NAME = "$(TARGET_NAME)";
				PROVISIONING_PROFILE_SPECIFIER = "Core Video Team Test Interstitials";
				SWIFT_VERSION = 5.0;
				TARGETED_DEVICE_FAMILY = "1,2";
			};
			name = Debug;
		};
		E8E3030B26227AEC00CF6049 /* Release */ = {
			isa = XCBuildConfiguration;
			buildSettings = {
				ASSETCATALOG_COMPILER_APPICON_NAME = AppIcon;
				ASSETCATALOG_COMPILER_GLOBAL_ACCENT_COLOR_NAME = AccentColor;
				CODE_SIGN_ENTITLEMENTS = ReferenceApp/ReferenceApp.entitlements;
				CODE_SIGN_IDENTITY = "iPhone Developer";
				CODE_SIGN_STYLE = Manual;
				DEVELOPMENT_TEAM = 6QHSVMF5PW;
				INFOPLIST_FILE = ReferenceApp/Info.plist;
				IPHONEOS_DEPLOYMENT_TARGET = 15.0;
				LD_RUNPATH_SEARCH_PATHS = (
					"$(inherited)",
					"@executable_path/Frameworks",
				);
				PRODUCT_BUNDLE_IDENTIFIER = com.cvt.test.interstitials;
				PRODUCT_NAME = "$(TARGET_NAME)";
				PROVISIONING_PROFILE_SPECIFIER = "Core Video Team Test Interstitials";
				SWIFT_VERSION = 5.0;
				TARGETED_DEVICE_FAMILY = "1,2";
			};
			name = Release;
		};
/* End XCBuildConfiguration section */

/* Begin XCConfigurationList section */
		E8025B3326FD609300188FB1 /* Build configuration list for PBXNativeTarget "ReferenceApp_tvOS" */ = {
			isa = XCConfigurationList;
			buildConfigurations = (
				E8025B3426FD609300188FB1 /* Debug */,
				E8025B3526FD609300188FB1 /* Release */,
			);
			defaultConfigurationIsVisible = 0;
			defaultConfigurationName = Release;
		};
		E8E302F026227AEA00CF6049 /* Build configuration list for PBXProject "ReferenceApp" */ = {
			isa = XCConfigurationList;
			buildConfigurations = (
				E8E3030726227AEC00CF6049 /* Debug */,
				E8E3030826227AEC00CF6049 /* Release */,
			);
			defaultConfigurationIsVisible = 0;
			defaultConfigurationName = Release;
		};
		E8E3030926227AEC00CF6049 /* Build configuration list for PBXNativeTarget "ReferenceApp" */ = {
			isa = XCConfigurationList;
			buildConfigurations = (
				E8E3030A26227AEC00CF6049 /* Debug */,
				E8E3030B26227AEC00CF6049 /* Release */,
			);
			defaultConfigurationIsVisible = 0;
			defaultConfigurationName = Release;
		};
/* End XCConfigurationList section */

/* Begin XCSwiftPackageProductDependency section */
		E889066826FD659000D837E4 /* HLSInterstitialKit */ = {
			isa = XCSwiftPackageProductDependency;
			productName = HLSInterstitialKit;
		};
		E8E3030E26227B8600CF6049 /* HLSInterstitialKit */ = {
			isa = XCSwiftPackageProductDependency;
			productName = HLSInterstitialKit;
		};
/* End XCSwiftPackageProductDependency section */
	};
	rootObject = E8E302ED26227AEA00CF6049 /* Project object */;
}
